
Microsoft Visual Studio Solution File, Format Version 12.00
# Visual Studio Version 17
VisualStudioVersion = 17.0.32112.339
MinimumVisualStudioVersion = 10.0.40219.1
Project("{FAE04EC0-301F-11D3-BF4B-00C04F79EFBC}") = "ConsoleAppConverter", "ConsoleAppConverter\ConsoleAppConverter.csproj", "{203A07D7-4548-4562-825C-479F5404BDA3}"
EndProject
Global
	GlobalSection(SolutionConfigurationPlatforms) = preSolution
		Debug|Any CPU = Debug|Any CPU
		Release|Any CPU = Release|Any CPU
	EndGlobalSection
	GlobalSection(ProjectConfigurationPlatforms) = postSolution
		{203A07D7-4548-4562-825C-479F5404BDA3}.Debug|Any CPU.ActiveCfg = Debug|Any CPU
		{203A07D7-4548-4562-825C-479F5404BDA3}.Debug|Any CPU.Build.0 = Debug|Any CPU
		{203A07D7-4548-4562-825C-479F5404BDA3}.Release|Any CPU.ActiveCfg = Release|Any CPU
		{203A07D7-4548-4562-825C-479F5404BDA3}.Release|Any CPU.Build.0 = Release|Any CPU
	EndGlobalSection
	GlobalSection(SolutionProperties) = preSolution
		HideSolutionNode = FALSE
	EndGlobalSection
	GlobalSection(ExtensibilityGlobals) = postSolution
		SolutionGuid = {4559E279-1787-4727-9147-F7719DC8F9F6}
	EndGlobalSection
EndGlobal
